
Microsoft Visual Studio Solution File, Format Version 12.00
# Visual Studio Version 17
VisualStudioVersion = 17.2.32519.379
MinimumVisualStudioVersion = 10.0.40219.1
Project("{FAE04EC0-301F-11D3-BF4B-00C04F79EFBC}") = "EcommerceApplication", "EcommerceApplication\EcommerceApplication.csproj", "{A0FC3241-6B02-4602-9BBF-1B84F6D19555}"
EndProject
Global
	GlobalSection(SolutionConfigurationPlatforms) = preSolution
		Debug|Any CPU = Debug|Any CPU
		Release|Any CPU = Release|Any CPU
	EndGlobalSection
	GlobalSection(ProjectConfigurationPlatforms) = postSolution
		{A0FC3241-6B02-4602-9BBF-1B84F6D19555}.Debug|Any CPU.ActiveCfg = Debug|Any CPU
		{A0FC3241-6B02-4602-9BBF-1B84F6D19555}.Debug|Any CPU.Build.0 = Debug|Any CPU
		{A0FC3241-6B02-4602-9BBF-1B84F6D19555}.Release|Any CPU.ActiveCfg = Release|Any CPU
		{A0FC3241-6B02-4602-9BBF-1B84F6D19555}.Release|Any CPU.Build.0 = Release|Any CPU
	EndGlobalSection
	GlobalSection(SolutionProperties) = preSolution
		HideSolutionNode = FALSE
	EndGlobalSection
	GlobalSection(ExtensibilityGlobals) = postSolution
		SolutionGuid = {D68285D7-C337-48EA-B544-E9FFADAE62F3}
	EndGlobalSection
EndGlobal
